{
    "_meta": {
        "hash": {
            "sha256": "7759aa85f2c6bd0e70eff1ccc4e40dbf5b437d8e1dbb3810284cb05fa1903d78"
        },
        "pipfile-spec": 6,
        "requires": {
            "python_version": "3.9"
        },
        "sources": [
            {
                "name": "pypi",
                "url": "https://pypi.org/simple",
                "verify_ssl": true
            }
        ]
    },
    "default": {
        "certifi": {
            "hashes": [
                "sha256:78884e7c1d4b00ce3cea67b44566851c4343c120abd683433ce934a68ea58872",
                "sha256:d62a0163eb4c2344ac042ab2bdf75399a71a2d8c7d47eac2e2ee91b9d6339569"
            ],
            "version": "==2021.10.8"
        },
        "charset-normalizer": {
            "hashes": [
                "sha256:e019de665e2bcf9c2b64e2e5aa025fa991da8720daa3c1138cadd2fd1856aed0",
                "sha256:f7af805c321bfa1ce6714c51f254e0d5bb5e5834039bc17db7ebe3a4cec9492b"
            ],
            "markers": "python_version >= '3'",
            "version": "==2.0.7"
        },
        "idna": {
            "hashes": [
                "sha256:84d9dd047ffa80596e0f246e2eab0b391788b0503584e8945f2368256d2735ff",
                "sha256:9d643ff0a55b762d5cdb124b8eaa99c66322e2157b69160bc32796e824360e6d"
            ],
            "markers": "python_version >= '3'",
            "version": "==3.3"
        },
        "libusb1": {
            "hashes": [
                "sha256:81381ce1d8852a4d4345b2ee8218971d35865b5f025fef96b43ee082757099cd",
                "sha256:9fda3055c98ab043cfb3beac93ef1de2900ad11d949c694f58bdf414ce2bd03c",
                "sha256:a97bcb90f589d863c5e971b013c8cf7e1915680a951e66c4222a2c5bb64b7153",
                "sha256:d3ba82ecf7ab6a48d21dac6697e26504670cc3522b8e5941bd28fb56cf3f6c46"
            ],
            "version": "==2.0.1"
        },
        "ndeflib": {
            "hashes": [
                "sha256:1d56828558b9b16f2822a4051824346347b66adf5320ea86070748b6f2454a88",
                "sha256:c634b1af2ab454754f0fdbe1debd38247ed7bdaf94587359b857726f3ee7decb"
            ],
            "version": "==0.3.3"
        },
        "nfcpy": {
            "hashes": [
                "sha256:393b614e8d17671f55b75b1cdba06b4e7aa30b78a84f5cad2cc7c6fc65ae100b",
                "sha256:cf7d30e4a09f4dc4bb377b5a72ac607cf92a3e93dbcbb91cb90ec0343a95cdfe"
            ],
            "index": "pypi",
            "version": "==1.0.3"
        },
        "pydes": {
            "hashes": [
                "sha256:e2ab8e21d2b83e90d90dbfdcb6fb8ac0000b813238b7ecaede04f8435c389012"
            ],
            "version": "==2.0.1"
        },
        "pynfc": {
            "hashes": [
                "sha256:dca9a7aa364d6bbfa4dc56afb13993263eb41a32f087205601f748ee593a6cac"
            ],
            "index": "pypi",
            "version": "==0.1.1"
        },
        "pyserial": {
            "hashes": [
                "sha256:3c77e014170dfffbd816e6ffc205e9842efb10be9f58ec16d3e8675b4925cddb",
                "sha256:c4451db6ba391ca6ca299fb3ec7bae67a5c55dde170964c7a14ceefec02f2cf0"
            ],
            "version": "==3.5"
        },
        "requests": {
            "hashes": [
                "sha256:6c1246513ecd5ecd4528a0906f910e8f0f9c6b8ec72030dc9fd154dc1a6efd24",
                "sha256:b8aa58f8cf793ffd8782d3d8cb19e66ef36f7aba4353eec859e74678b01b07a7"
            ],
            "index": "pypi",
            "version": "==2.26.0"
        },
        "urllib3": {
            "hashes": [
                "sha256:4987c65554f7a2dbf30c18fd48778ef124af6fab771a377103da0585e2336ece",
                "sha256:c4fdf4019605b6e5423637e01bc9fe4daef873709a7973e195ceba0a62bbc844"
            ],
            "markers": "python_version >= '2.7' and python_version not in '3.0, 3.1, 3.2, 3.3, 3.4' and python_version < '4'",
            "version": "==1.26.7"
        }
    },
    "develop": {}
}
