{
    "_meta": {
        "hash": {
            "sha256": "4dac422c6095c671e93fc6d2892bc7441e6cb51ee65063af7f1b941bb229196c"
        },
        "pipfile-spec": 6,
        "requires": {
            "python_version": "3.9"
        },
        "sources": [
            {
                "name": "pypi",
                "url": "https://pypi.org/simple",
                "verify_ssl": true
            }
        ]
    },
    "default": {
        "libusb1": {
            "hashes": [
                "sha256:81381ce1d8852a4d4345b2ee8218971d35865b5f025fef96b43ee082757099cd",
                "sha256:9fda3055c98ab043cfb3beac93ef1de2900ad11d949c694f58bdf414ce2bd03c",
                "sha256:a97bcb90f589d863c5e971b013c8cf7e1915680a951e66c4222a2c5bb64b7153",
                "sha256:d3ba82ecf7ab6a48d21dac6697e26504670cc3522b8e5941bd28fb56cf3f6c46"
            ],
            "version": "==2.0.1"
        },
        "ndeflib": {
            "hashes": [
                "sha256:1d56828558b9b16f2822a4051824346347b66adf5320ea86070748b6f2454a88",
                "sha256:c634b1af2ab454754f0fdbe1debd38247ed7bdaf94587359b857726f3ee7decb"
            ],
            "version": "==0.3.3"
        },
        "nfcpy": {
            "hashes": [
                "sha256:393b614e8d17671f55b75b1cdba06b4e7aa30b78a84f5cad2cc7c6fc65ae100b",
                "sha256:cf7d30e4a09f4dc4bb377b5a72ac607cf92a3e93dbcbb91cb90ec0343a95cdfe"
            ],
            "index": "pypi",
            "version": "==1.0.3"
        },
        "pydes": {
            "hashes": [
                "sha256:e2ab8e21d2b83e90d90dbfdcb6fb8ac0000b813238b7ecaede04f8435c389012"
            ],
            "version": "==2.0.1"
        },
        "pynfc": {
            "hashes": [
                "sha256:dca9a7aa364d6bbfa4dc56afb13993263eb41a32f087205601f748ee593a6cac"
            ],
            "index": "pypi",
            "version": "==0.1.1"
        },
        "pyserial": {
            "hashes": [
                "sha256:3c77e014170dfffbd816e6ffc205e9842efb10be9f58ec16d3e8675b4925cddb",
                "sha256:c4451db6ba391ca6ca299fb3ec7bae67a5c55dde170964c7a14ceefec02f2cf0"
            ],
            "version": "==3.5"
        }
    },
    "develop": {}
}
